<Project xmlns="http://schemas.microsoft.com/developer/msbuild/2003">
    <PropertyGroup>
        <ProjectGuid>{C138E52F-42AB-4F58-8490-61383C3904D9}</ProjectGuid>
        <MainSource>SGTplus.dpr</MainSource>
        <Base>True</Base>
        <Config Condition="'$(Config)'==''">Debug</Config>
        <TargetedPlatforms>1</TargetedPlatforms>
        <AppType>Application</AppType>
        <FrameworkType>VCL</FrameworkType>
        <ProjectVersion>18.1</ProjectVersion>
        <Platform Condition="'$(Platform)'==''">Win32</Platform>
    </PropertyGroup>
    <PropertyGroup Condition="'$(Config)'=='Base' or '$(Base)'!=''">
        <Base>true</Base>
    </PropertyGroup>
    <PropertyGroup Condition="('$(Platform)'=='Win32' and '$(Base)'=='true') or '$(Base_Win32)'!=''">
        <Base_Win32>true</Base_Win32>
        <CfgParent>Base</CfgParent>
        <Base>true</Base>
    </PropertyGroup>
    <PropertyGroup Condition="('$(Platform)'=='Win64' and '$(Base)'=='true') or '$(Base_Win64)'!=''">
        <Base_Win64>true</Base_Win64>
        <CfgParent>Base</CfgParent>
        <Base>true</Base>
    </PropertyGroup>
    <PropertyGroup Condition="'$(Config)'=='Release' or '$(Cfg_1)'!=''">
        <Cfg_1>true</Cfg_1>
        <CfgParent>Base</CfgParent>
        <Base>true</Base>
    </PropertyGroup>
    <PropertyGroup Condition="('$(Platform)'=='Win32' and '$(Cfg_1)'=='true') or '$(Cfg_1_Win32)'!=''">
        <Cfg_1_Win32>true</Cfg_1_Win32>
        <CfgParent>Cfg_1</CfgParent>
        <Cfg_1>true</Cfg_1>
        <Base>true</Base>
    </PropertyGroup>
    <PropertyGroup Condition="'$(Config)'=='Debug' or '$(Cfg_2)'!=''">
        <Cfg_2>true</Cfg_2>
        <CfgParent>Base</CfgParent>
        <Base>true</Base>
    </PropertyGroup>
    <PropertyGroup Condition="('$(Platform)'=='Win32' and '$(Cfg_2)'=='true') or '$(Cfg_2_Win32)'!=''">
        <Cfg_2_Win32>true</Cfg_2_Win32>
        <CfgParent>Cfg_2</CfgParent>
        <Cfg_2>true</Cfg_2>
        <Base>true</Base>
    </PropertyGroup>
    <PropertyGroup Condition="'$(Base)'!=''">
        <DCC_UnitSearchPath>F:\DELPHI\COMPONENTES\Virtual-TreeView-master\Packages\RAD Studio 10;$(DCC_UnitSearchPath)</DCC_UnitSearchPath>
        <VerInfo_IncludeVerInfo>true</VerInfo_IncludeVerInfo>
        <VerInfo_Debug>true</VerInfo_Debug>
        <Manifest_File>$(BDS)\bin\default_app.manifest</Manifest_File>
        <VerInfo_Locale>1046</VerInfo_Locale>
        <DCC_F>false</DCC_F>
        <DCC_Namespace>Vcl;Vcl.Imaging;Vcl.Touch;Vcl.Samples;Vcl.Shell;System;Xml;Data;Datasnap;Web;Soap;Winapi;Bde;Xml.Win;$(DCC_Namespace)</DCC_Namespace>
        <DCC_N>false</DCC_N>
        <DCC_ImageBase>00400000</DCC_ImageBase>
        <DCC_S>false</DCC_S>
        <SanitizedProjectName>SGTplus</SanitizedProjectName>
        <DCC_K>false</DCC_K>
        <DCC_E>false</DCC_E>
        <VerInfo_Keys>CompanyName=;FileDescription=;FileVersion=1.0.0.0;InternalName=;LegalCopyright=;LegalTrademarks=;OriginalFilename=;ProductName=;ProductVersion=1.0.0.0;Comments=;CFBundleName=</VerInfo_Keys>
    </PropertyGroup>
    <PropertyGroup Condition="'$(Base_Win32)'!=''">
        <VerInfo_AutoIncVersion>true</VerInfo_AutoIncVersion>
        <DCC_DebugInfoInTds>true</DCC_DebugInfoInTds>
        <DCC_DebugDCUs>true</DCC_DebugDCUs>
        <Icon_MainIcon>SGT_Icon1.ico</Icon_MainIcon>
        <DCC_DebugInfoInExe>true</DCC_DebugInfoInExe>
        <DCC_ExeOutput>D:\DELPHI\SGT\</DCC_ExeOutput>
        <Debugger_HostApplication>D:\DELPHI\SGT\fonte\SGT.exe</Debugger_HostApplication>
        <DCC_UsePackage>vcl;frx21;frxe21;xmlrtl;rtl;vclactnband;vclx;vclimg;$(DCC_UsePackage)</DCC_UsePackage>
        <DCC_Namespace>System.Win;Data.Win;Datasnap.Win;Web.Win;Soap.Win;$(DCC_Namespace)</DCC_Namespace>
        <VerInfo_Keys>CompanyName=Alex Avel Sistemas;FileDescription=Soluções em Sistemas;FileVersion=1.0.0.0;InternalName=;LegalCopyright=;LegalTrademarks=;OriginalFilename=;ProductName=SGT - Sistema de Gestão de Transporte;ProductVersion=1.0.0.0;Comments=</VerInfo_Keys>
    </PropertyGroup>
    <PropertyGroup Condition="'$(Base_Win64)'!=''">
        <DCC_UsePackage>vcl;xmlrtl;rtl;vclactnband;vclx;vclimg;$(DCC_UsePackage)</DCC_UsePackage>
    </PropertyGroup>
    <PropertyGroup Condition="'$(Cfg_1)'!=''">
        <DCC_LocalDebugSymbols>false</DCC_LocalDebugSymbols>
        <DCC_DebugInformation>0</DCC_DebugInformation>
        <DCC_SymbolReferenceInfo>0</DCC_SymbolReferenceInfo>
        <DCC_Define>RELEASE;$(DCC_Define)</DCC_Define>
    </PropertyGroup>
    <PropertyGroup Condition="'$(Cfg_1_Win32)'!=''">
        <VerInfo_Build>6</VerInfo_Build>
        <VerInfo_MinorVer>1</VerInfo_MinorVer>
        <VerInfo_Locale>1033</VerInfo_Locale>
        <VerInfo_AutoGenVersion>true</VerInfo_AutoGenVersion>
        <DCC_ExeOutput>F:\DELPHI\SGT\</DCC_ExeOutput>
        <VerInfo_Keys>CompanyName=Alex Avel Sistemas;FileDescription=;FileVersion=1.1.0.6;InternalName=;LegalCopyright=;LegalTrademarks=;OriginalFilename=;ProductName=;ProductVersion=1.0.0.0;Comments=</VerInfo_Keys>
    </PropertyGroup>
    <PropertyGroup Condition="'$(Cfg_2)'!=''">
        <DCC_GenerateStackFrames>true</DCC_GenerateStackFrames>
        <DCC_Optimize>false</DCC_Optimize>
        <DCC_Define>DEBUG;$(DCC_Define)</DCC_Define>
    </PropertyGroup>
    <PropertyGroup Condition="'$(Cfg_2_Win32)'!=''">
        <VerInfo_Release>1</VerInfo_Release>
        <VerInfo_AutoIncVersion>true</VerInfo_AutoIncVersion>
        <VerInfo_Build>8</VerInfo_Build>
        <Icon_MainIcon>SGT_Icon3.ico</Icon_MainIcon>
        <DCC_ExeOutput>F:\DELPHI\SGTplus\</DCC_ExeOutput>
        <VerInfo_Keys>CompanyName=Alex Avel Sistemas;FileDescription=Soluções em Sistemas ;FileVersion=1.0.1.8;InternalName=;LegalCopyright=;LegalTrademarks=;OriginalFilename=;ProductName=;ProductVersion=1.0.0.0;Comments=</VerInfo_Keys>
    </PropertyGroup>
    <ItemGroup>
        <DelphiCompile Include="$(MainSource)">
            <MainSource>MainSource</MainSource>
        </DelphiCompile>
        <RcCompile Include="webcam\WebcamResource.rc">
            <Form>WebcamResource.res</Form>
        </RcCompile>
        <DCCReference Include="calculadora\UCalculadora.pas">
            <Form>frmCalculadora</Form>
        </DCCReference>
        <DCCReference Include="U_Sys.pas">
            <Form>frmSys</Form>
        </DCCReference>
        <DCCReference Include="U_Pesquisa.pas">
            <Form>frmPesquisa</Form>
        </DCCReference>
        <DCCReference Include="U_funcao.pas"/>
        <DCCReference Include="U_INI.pas">
            <Form>frmIni</Form>
        </DCCReference>
        <DCCReference Include="email\U_EMAIL.pas">
            <Form>Email</Form>
        </DCCReference>
        <DCCReference Include="U_ClasseUtil.pas"/>
        <DCCReference Include="EditTuning.pas"/>
        <DCCReference Include="U_EnviaEmail.pas">
            <Form>frmEnviaEmail</Form>
        </DCCReference>
        <DCCReference Include="POVOADO.pas"/>
        <DCCReference Include="U_MudaSenha.pas">
            <Form>frmMudasenha</Form>
        </DCCReference>
        <DCCReference Include="uSistema.pas">
            <Form>fPrincipal</Form>
        </DCCReference>
        <DCCReference Include="webcam\camform.pas">
            <Form>FormWebCam</Form>
        </DCCReference>
        <DCCReference Include="webcam\Common\VFrames.pas"/>
        <DCCReference Include="webcam\Common\VSample.pas"/>
        <DCCReference Include="U_BarraProgresso2.pas">
            <Form>frmProgd</Form>
        </DCCReference>
        <DCCReference Include="Povoar.pas"/>
        <DCCReference Include="Wcrypt2.pas"/>
        <DCCReference Include="R_UsuarioSint.pas">
            <Form>frmRUsuarioSint</Form>
            <FormType>dfm</FormType>
        </DCCReference>
        <DCCReference Include="R_RelCombustiveis.pas">
            <Form>frmRelComb</Form>
            <FormType>dfm</FormType>
        </DCCReference>
        <DCCReference Include="U_MarcaInc.pas">
            <Form>frmMarca</Form>
            <FormType>dfm</FormType>
        </DCCReference>
        <DCCReference Include="U_MetodosDialog.pas"/>
        <DCCReference Include="U_CpfClass.pas">
            <Form>frmCpfPesquisa</Form>
            <FormType>dfm</FormType>
        </DCCReference>
        <DCCReference Include="U_Licenc.pas">
            <Form>frmLicenc</Form>
            <FormType>dfm</FormType>
        </DCCReference>
        <DCCReference Include="ativa\U_FuncReg.pas"/>
        <DCCReference Include="uTraducao.pas"/>
        <DCCReference Include="U_PContas.pas">
            <Form>frmPconta</Form>
            <FormType>dfm</FormType>
        </DCCReference>
        <DCCReference Include="U_ClassconsContas.pas">
            <Form>FormPesqContas</Form>
            <FormType>dfm</FormType>
        </DCCReference>
        <DCCReference Include="U_BancoInc.pas">
            <Form>frmBanco</Form>
            <FormType>dfm</FormType>
        </DCCReference>
        <DCCReference Include="U_Upload.pas">
            <Form>frmUpload</Form>
            <FormType>dfm</FormType>
        </DCCReference>
        <DCCReference Include="U_ClassCad.pas"/>
        <DCCReference Include="U_ctapagar.pas">
            <Form>frmctapg</Form>
            <FormType>dfm</FormType>
        </DCCReference>
        <DCCReference Include="U_baixacnt.pas">
            <Form>frmBaixaCnt</Form>
            <FormType>dfm</FormType>
        </DCCReference>
        <DCCReference Include="U_Categoria.pas">
            <Form>frmCategoria</Form>
            <FormType>dfm</FormType>
        </DCCReference>
        <DCCReference Include="U_Fabricante.pas">
            <Form>frmFabricante</Form>
            <FormType>dfm</FormType>
        </DCCReference>
        <DCCReference Include="U_Produto.pas">
            <Form>frmProduto</Form>
            <FormType>dfm</FormType>
        </DCCReference>
        <DCCReference Include="U_TabMulta.pas">
            <Form>frmTabmulta</Form>
            <FormType>dfm</FormType>
        </DCCReference>
        <DCCReference Include="U_OrgTrans.pas">
            <Form>frmOrgTrans</Form>
            <FormType>dfm</FormType>
        </DCCReference>
        <DCCReference Include="U_Incerrante.pas">
            <Form>frmIncerrante</Form>
            <FormType>dfm</FormType>
        </DCCReference>
        <DCCReference Include="U_CST.pas">
            <Form>frmCst</Form>
            <FormType>dfm</FormType>
        </DCCReference>
        <DCCReference Include="U_Atualizador.pas">
            <Form>frmAtualizador</Form>
            <FormType>dfm</FormType>
        </DCCReference>
        <DCCReference Include="U_Imposto.pas">
            <Form>frmImposto</Form>
            <FormType>dfm</FormType>
        </DCCReference>
        <DCCReference Include="U_Multa.pas">
            <Form>frmMulta</Form>
            <FormType>dfm</FormType>
        </DCCReference>
        <DCCReference Include="U_ClassConsMotorista.pas">
            <Form>frmConsMotorista</Form>
            <FormType>dfm</FormType>
        </DCCReference>
        <DCCReference Include="U_ClassAutoriza.pas">
            <Form>frmAutoriza</Form>
            <FormType>dfm</FormType>
        </DCCReference>
        <DCCReference Include="U_PneuDimensao.pas">
            <Form>frmPneuDim</Form>
            <FormType>dfm</FormType>
        </DCCReference>
        <DCCReference Include="U_PneuFabricante.pas">
            <Form>frmPneuFab</Form>
            <FormType>dfm</FormType>
        </DCCReference>
        <DCCReference Include="U_PneuIventario.pas">
            <Form>frmPneuIve</Form>
            <FormType>dfm</FormType>
        </DCCReference>
        <DCCReference Include="U_pneucmp.pas">
            <Form>frmpneucmp</Form>
            <FormType>dfm</FormType>
        </DCCReference>
        <DCCReference Include="U_PneuManutencao.pas">
            <Form>frmPneuMnt</Form>
            <FormType>dfm</FormType>
        </DCCReference>
        <DCCReference Include="U_grupomnt.pas">
            <Form>frmgrupomnt</Form>
            <FormType>dfm</FormType>
        </DCCReference>
        <DCCReference Include="U_Sobre.pas">
            <Form>frmSobre</Form>
            <FormType>dfm</FormType>
        </DCCReference>
        <DCCReference Include="U_SISTEMA_DADOS.pas"/>
        <DCCReference Include="U_Munuitem.pas">
            <Form>frmManutitem</Form>
            <FormType>dfm</FormType>
        </DCCReference>
        <DCCReference Include="U_procveic.pas">
            <Form>frmprocveic</Form>
            <FormType>dfm</FormType>
        </DCCReference>
        <DCCReference Include="u_aguarde.pas">
            <Form>aguarde</Form>
            <FormType>dfm</FormType>
        </DCCReference>
        <DCCReference Include="U_testes.pas">
            <Form>frmTestes</Form>
            <FormType>dfm</FormType>
        </DCCReference>
        <DCCReference Include="U_ModeloInc.pas">
            <Form>frmModelo</Form>
            <FormType>dfm</FormType>
        </DCCReference>
        <DCCReference Include="UR_TabDepartamento.pas">
            <Form>frmRelTabDepart</Form>
            <FormType>dfm</FormType>
        </DCCReference>
        <DCCReference Include="UR_TabPais.pas">
            <Form>frmRelTabPais</Form>
            <FormType>dfm</FormType>
        </DCCReference>
        <DCCReference Include="UR_TabCidade.pas">
            <Form>frmRelTabCidade</Form>
            <FormType>dfm</FormType>
        </DCCReference>
        <DCCReference Include="U_manutencao.pas">
            <Form>frmmanutcab</Form>
            <FormType>dfm</FormType>
        </DCCReference>
        <DCCReference Include="U_fabricapcs.pas">
            <Form>frmfabricapcs</Form>
            <FormType>dfm</FormType>
        </DCCReference>
        <DCCReference Include="U_tbpecas.pas">
            <Form>frmtbpecas</Form>
            <FormType>dfm</FormType>
        </DCCReference>
        <DCCReference Include="U_Monitor.pas">
            <Form>frmMonitor</Form>
            <FormType>dfm</FormType>
        </DCCReference>
        <DCCReference Include="U_Roteiro.pas">
            <Form>frmRoteiro</Form>
            <FormType>dfm</FormType>
        </DCCReference>
        <DCCReference Include="U_chamado.pas">
            <Form>frmChamado</Form>
            <FormType>dfm</FormType>
        </DCCReference>
        <DCCReference Include="U_Oricarga.pas">
            <Form>frmoricarga</Form>
            <FormType>dfm</FormType>
        </DCCReference>
        <DCCReference Include="U_trmcoleta.pas">
            <Form>frmTrmColeta</Form>
            <FormType>dfm</FormType>
        </DCCReference>
        <DCCReference Include="U_Navio.pas">
            <Form>frmNavio</Form>
            <FormType>dfm</FormType>
        </DCCReference>
        <DCCReference Include="U_tbrecurso.pas">
            <Form>frmTbRecurso</Form>
            <FormType>dfm</FormType>
        </DCCReference>
        <DCCReference Include="U_ordcoleta.pas">
            <Form>frmordcoleta</Form>
            <FormType>dfm</FormType>
        </DCCReference>
        <DCCReference Include="U_transfin.pas">
            <Form>frmTransfin</Form>
            <FormType>dfm</FormType>
        </DCCReference>
        <DCCReference Include="U_ClassMessage.pas"/>
        <DCCReference Include="UR_TabAcessorio.pas">
            <Form>frmRelTabAcessorio</Form>
            <FormType>dfm</FormType>
        </DCCReference>
        <DCCReference Include="UR_CadPesAniversariante.pas">
            <Form>frmRelCadPesAniverario</Form>
            <FormType>dfm</FormType>
        </DCCReference>
        <DCCReference Include="UR_CadPesHabVencida.pas">
            <Form>frmRelCadPesHabVen</Form>
            <FormType>dfm</FormType>
        </DCCReference>
        <DCCReference Include="UR_CadFornecedores.pas">
            <Form>frmRelCadFornecedores</Form>
            <FormType>dfm</FormType>
        </DCCReference>
        <DCCReference Include="UR_CadVeiculo.pas">
            <Form>frmRelCadVeiculo</Form>
            <FormType>dfm</FormType>
        </DCCReference>
        <DCCReference Include="UR_CadVeiculoLota.pas">
            <Form>frmRelCadVeiLota</Form>
            <FormType>dfm</FormType>
        </DCCReference>
        <DCCReference Include="classes\U_ClassConecte.pas"/>
        <DCCReference Include="U_Splash.pas">
            <Form>FrmSplash</Form>
            <FormType>dfm</FormType>
        </DCCReference>
        <DCCReference Include="U_Login.pas">
            <Form>FrmLogin</Form>
            <FormType>dfm</FormType>
        </DCCReference>
        <DCCReference Include="U_CriaBanco.pas">
            <Form>frmCriadb</Form>
            <FormType>dfm</FormType>
        </DCCReference>
        <DCCReference Include="U_dmEmp.pas">
            <Form>dmEmp</Form>
            <FormType>dfm</FormType>
            <DesignClass>TDataModule</DesignClass>
        </DCCReference>
        <DCCReference Include="modelos\U_ClassConfig.pas"/>
        <DCCReference Include="modelos\U_000MdlForm.pas">
            <Form>frmModel</Form>
            <FormType>dfm</FormType>
        </DCCReference>
        <DCCReference Include="modelos\U_000MdlCrud.pas">
            <Form>_frmModeloCrud</Form>
            <FormType>dfm</FormType>
        </DCCReference>
        <DCCReference Include="U_Empresa_.pas">
            <Form>frmEmpresa_</Form>
            <FormType>dfm</FormType>
        </DCCReference>
        <DCCReference Include="U_Grupo_.pas">
            <Form>frmGrupo</Form>
            <FormType>dfm</FormType>
        </DCCReference>
        <DCCReference Include="U_Empresa_Inc.pas">
            <Form>frmEmpresaInc</Form>
            <FormType>dfm</FormType>
        </DCCReference>
        <DCCReference Include="U_Nivel.pas">
            <Form>frmNivel</Form>
            <FormType>dfm</FormType>
        </DCCReference>
        <DCCReference Include="U_SubGrupo.pas">
            <Form>frmSubGrupo</Form>
            <FormType>dfm</FormType>
        </DCCReference>
        <DCCReference Include="U_Usuario.pas">
            <Form>frmUsuario</Form>
            <FormType>dfm</FormType>
        </DCCReference>
        <DCCReference Include="u_lotadoinc.pas">
            <Form>frmLotado</Form>
            <FormType>dfm</FormType>
        </DCCReference>
        <DCCReference Include="U_CargoInc.pas">
            <Form>frmCargo</Form>
            <FormType>dfm</FormType>
        </DCCReference>
        <DCCReference Include="U_Pais.pas">
            <Form>frmPais</Form>
            <FormType>dfm</FormType>
        </DCCReference>
        <DCCReference Include="U_Estado.pas">
            <Form>frmEstado</Form>
            <FormType>dfm</FormType>
        </DCCReference>
        <DCCReference Include="U_GrupoCli.pas">
            <Form>frmGrupocli</Form>
            <FormType>dfm</FormType>
        </DCCReference>
        <DCCReference Include="U_CidadeInc.pas">
            <Form>frmCidade</Form>
            <FormType>dfm</FormType>
        </DCCReference>
        <BuildConfiguration Include="Debug">
            <Key>Cfg_2</Key>
            <CfgParent>Base</CfgParent>
        </BuildConfiguration>
        <BuildConfiguration Include="Base">
            <Key>Base</Key>
        </BuildConfiguration>
        <BuildConfiguration Include="Release">
            <Key>Cfg_1</Key>
            <CfgParent>Base</CfgParent>
        </BuildConfiguration>
    </ItemGroup>
    <ProjectExtensions>
        <Borland.Personality>Delphi.Personality.12</Borland.Personality>
        <Borland.ProjectType/>
        <BorlandProject>
            <Delphi.Personality>
                <Source>
                    <Source Name="MainSource">SGTplus.dpr</Source>
                </Source>
                <Excluded_Packages/>
            </Delphi.Personality>
            <Platforms>
                <Platform value="Win32">True</Platform>
                <Platform value="Win64">False</Platform>
            </Platforms>
            <Deployment Version="2">
                <DeployFile LocalName="\SGTplus.exe" Configuration="Release" Class="ProjectOutput">
                    <Platform Name="Win32">
                        <RemoteName>SGTplus.exe</RemoteName>
                        <Overwrite>true</Overwrite>
                    </Platform>
                </DeployFile>
                <DeployFile LocalName="..\SGTplus.exe" Configuration="Debug" Class="ProjectOutput">
                    <Platform Name="Win32">
                        <RemoteName>SGTplus.exe</RemoteName>
                        <Overwrite>true</Overwrite>
                    </Platform>
                </DeployFile>
                <DeployFile LocalName="..\SGTplus.exe" Configuration="Release" Class="ProjectOutput">
                    <Platform Name="Win32">
                        <RemoteName>SGTplus.exe</RemoteName>
                        <Overwrite>true</Overwrite>
                    </Platform>
                </DeployFile>
                <DeployClass Name="DependencyModule">
                    <Platform Name="Win32">
                        <Operation>0</Operation>
                        <Extensions>.dll;.bpl</Extensions>
                    </Platform>
                    <Platform Name="iOSDevice64">
                        <Operation>1</Operation>
                        <Extensions>.dylib</Extensions>
                    </Platform>
                    <Platform Name="OSX32">
                        <RemoteDir>Contents\MacOS</RemoteDir>
                        <Operation>1</Operation>
                        <Extensions>.dylib</Extensions>
                    </Platform>
                    <Platform Name="iOSDevice32">
                        <Operation>1</Operation>
                        <Extensions>.dylib</Extensions>
                    </Platform>
                    <Platform Name="iOSSimulator">
                        <Operation>1</Operation>
                        <Extensions>.dylib</Extensions>
                    </Platform>
                </DeployClass>
                <DeployClass Name="ProjectOSXResource">
                    <Platform Name="OSX32">
                        <RemoteDir>Contents\Resources</RemoteDir>
                        <Operation>1</Operation>
                    </Platform>
                </DeployClass>
                <DeployClass Name="AndroidClassesDexFile">
                    <Platform Name="Android">
                        <RemoteDir>classes</RemoteDir>
                        <Operation>1</Operation>
                    </Platform>
                </DeployClass>
                <DeployClass Name="Android_LauncherIcon144">
                    <Platform Name="Android">
                        <RemoteDir>res\drawable-xxhdpi</RemoteDir>
                        <Operation>1</Operation>
                    </Platform>
                </DeployClass>
                <DeployClass Name="AdditionalDebugSymbols">
                    <Platform Name="Win32">
                        <RemoteDir>Contents\MacOS</RemoteDir>
                        <Operation>0</Operation>
                    </Platform>
                    <Platform Name="iOSSimulator">
                        <Operation>1</Operation>
                    </Platform>
                    <Platform Name="OSX32">
                        <RemoteDir>Contents\MacOS</RemoteDir>
                        <Operation>1</Operation>
                    </Platform>
                </DeployClass>
                <DeployClass Name="AndroidLibnativeMipsFile">
                    <Platform Name="Android">
                        <RemoteDir>library\lib\mips</RemoteDir>
                        <Operation>1</Operation>
                    </Platform>
                </DeployClass>
                <DeployClass Name="iPad_Launch768">
                    <Platform Name="iOSSimulator">
                        <Operation>1</Operation>
                    </Platform>
                    <Platform Name="iOSDevice64">
                        <Operation>1</Operation>
                    </Platform>
                    <Platform Name="iOSDevice32">
                        <Operation>1</Operation>
                    </Platform>
                </DeployClass>
                <DeployClass Required="true" Name="ProjectOutput">
                    <Platform Name="Win32">
                        <Operation>0</Operation>
                    </Platform>
                    <Platform Name="iOSDevice64">
                        <Operation>1</Operation>
                    </Platform>
                    <Platform Name="OSX32">
                        <RemoteDir>Contents\MacOS</RemoteDir>
                        <Operation>1</Operation>
                    </Platform>
                    <Platform Name="iOSDevice32">
                        <Operation>1</Operation>
                    </Platform>
                    <Platform Name="Android">
                        <RemoteDir>library\lib\armeabi-v7a</RemoteDir>
                        <Operation>1</Operation>
                    </Platform>
                    <Platform Name="iOSSimulator">
                        <Operation>1</Operation>
                    </Platform>
                </DeployClass>
                <DeployClass Name="DependencyFramework">
                    <Platform Name="Win32">
                        <Operation>0</Operation>
                    </Platform>
                    <Platform Name="OSX32">
                        <RemoteDir>Contents\MacOS</RemoteDir>
                        <Operation>1</Operation>
                        <Extensions>.framework</Extensions>
                    </Platform>
                </DeployClass>
                <DeployClass Name="iPhone_Launch640">
                    <Platform Name="iOSSimulator">
                        <Operation>1</Operation>
                    </Platform>
                    <Platform Name="iOSDevice64">
                        <Operation>1</Operation>
                    </Platform>
                    <Platform Name="iOSDevice32">
                        <Operation>1</Operation>
                    </Platform>
                </DeployClass>
                <DeployClass Name="AndroidLibnativeX86File">
                    <Platform Name="Android">
                        <RemoteDir>library\lib\x86</RemoteDir>
                        <Operation>1</Operation>
                    </Platform>
                </DeployClass>
                <DeployClass Name="ProjectiOSDeviceDebug">
                    <Platform Name="iOSDevice64">
                        <RemoteDir>..\$(PROJECTNAME).app.dSYM\Contents\Resources\DWARF</RemoteDir>
                        <Operation>1</Operation>
                    </Platform>
                    <Platform Name="iOSDevice32">
                        <RemoteDir>..\$(PROJECTNAME).app.dSYM\Contents\Resources\DWARF</RemoteDir>
                        <Operation>1</Operation>
                    </Platform>
                </DeployClass>
                <DeployClass Name="iPad_Launch1024">
                    <Platform Name="iOSSimulator">
                        <Operation>1</Operation>
                    </Platform>
                    <Platform Name="iOSDevice64">
                        <Operation>1</Operation>
                    </Platform>
                    <Platform Name="iOSDevice32">
                        <Operation>1</Operation>
                    </Platform>
                </DeployClass>
                <DeployClass Name="iPhone_Launch320">
                    <Platform Name="iOSSimulator">
                        <Operation>1</Operation>
                    </Platform>
                    <Platform Name="iOSDevice64">
                        <Operation>1</Operation>
                    </Platform>
                    <Platform Name="iOSDevice32">
                        <Operation>1</Operation>
                    </Platform>
                </DeployClass>
                <DeployClass Name="ProjectiOSInfoPList">
                    <Platform Name="iOSSimulator">
                        <Operation>1</Operation>
                    </Platform>
                    <Platform Name="iOSDevice64">
                        <Operation>1</Operation>
                    </Platform>
                    <Platform Name="iOSDevice32">
                        <Operation>1</Operation>
                    </Platform>
                </DeployClass>
                <DeployClass Name="AndroidLibnativeArmeabiFile">
                    <Platform Name="Android">
                        <RemoteDir>library\lib\armeabi</RemoteDir>
                        <Operation>1</Operation>
                    </Platform>
                </DeployClass>
                <DeployClass Name="DebugSymbols">
                    <Platform Name="Win32">
                        <Operation>0</Operation>
                    </Platform>
                    <Platform Name="iOSSimulator">
                        <Operation>1</Operation>
                    </Platform>
                    <Platform Name="OSX32">
                        <RemoteDir>Contents\MacOS</RemoteDir>
                        <Operation>1</Operation>
                    </Platform>
                </DeployClass>
                <DeployClass Name="iPad_Launch1536">
                    <Platform Name="iOSSimulator">
                        <Operation>1</Operation>
                    </Platform>
                    <Platform Name="iOSDevice64">
                        <Operation>1</Operation>
                    </Platform>
                    <Platform Name="iOSDevice32">
                        <Operation>1</Operation>
                    </Platform>
                </DeployClass>
                <DeployClass Name="Android_SplashImage470">
                    <Platform Name="Android">
                        <RemoteDir>res\drawable-normal</RemoteDir>
                        <Operation>1</Operation>
                    </Platform>
                </DeployClass>
                <DeployClass Name="Android_LauncherIcon96">
                    <Platform Name="Android">
                        <RemoteDir>res\drawable-xhdpi</RemoteDir>
                        <Operation>1</Operation>
                    </Platform>
                </DeployClass>
                <DeployClass Name="Android_SplashImage640">
                    <Platform Name="Android">
                        <RemoteDir>res\drawable-large</RemoteDir>
                        <Operation>1</Operation>
                    </Platform>
                </DeployClass>
                <DeployClass Name="iPhone_Launch640x1136">
                    <Platform Name="iOSSimulator">
                        <Operation>1</Operation>
                    </Platform>
                    <Platform Name="iOSDevice64">
                        <Operation>1</Operation>
                    </Platform>
                    <Platform Name="iOSDevice32">
                        <Operation>1</Operation>
                    </Platform>
                </DeployClass>
                <DeployClass Name="ProjectiOSEntitlements">
                    <Platform Name="iOSDevice64">
                        <RemoteDir>../</RemoteDir>
                        <Operation>1</Operation>
                    </Platform>
                    <Platform Name="iOSDevice32">
                        <RemoteDir>../</RemoteDir>
                        <Operation>1</Operation>
                    </Platform>
                </DeployClass>
                <DeployClass Name="AndroidGDBServer">
                    <Platform Name="Android">
                        <RemoteDir>library\lib\armeabi-v7a</RemoteDir>
                        <Operation>1</Operation>
                    </Platform>
                </DeployClass>
                <DeployClass Name="Android_LauncherIcon72">
                    <Platform Name="Android">
                        <RemoteDir>res\drawable-hdpi</RemoteDir>
                        <Operation>1</Operation>
                    </Platform>
                </DeployClass>
                <DeployClass Name="ProjectOSXInfoPList">
                    <Platform Name="OSX32">
                        <RemoteDir>Contents</RemoteDir>
                        <Operation>1</Operation>
                    </Platform>
                </DeployClass>
                <DeployClass Name="ProjectOSXEntitlements">
                    <Platform Name="OSX32">
                        <RemoteDir>../</RemoteDir>
                        <Operation>1</Operation>
                    </Platform>
                </DeployClass>
                <DeployClass Name="iPad_Launch2048">
                    <Platform Name="iOSSimulator">
                        <Operation>1</Operation>
                    </Platform>
                    <Platform Name="iOSDevice64">
                        <Operation>1</Operation>
                    </Platform>
                    <Platform Name="iOSDevice32">
                        <Operation>1</Operation>
                    </Platform>
                </DeployClass>
                <DeployClass Name="AndroidSplashStyles">
                    <Platform Name="Android">
                        <RemoteDir>res\values</RemoteDir>
                        <Operation>1</Operation>
                    </Platform>
                </DeployClass>
                <DeployClass Name="Android_SplashImage426">
                    <Platform Name="Android">
                        <RemoteDir>res\drawable-small</RemoteDir>
                        <Operation>1</Operation>
                    </Platform>
                </DeployClass>
                <DeployClass Name="AndroidSplashImageDef">
                    <Platform Name="Android">
                        <RemoteDir>res\drawable</RemoteDir>
                        <Operation>1</Operation>
                    </Platform>
                </DeployClass>
                <DeployClass Name="ProjectiOSResource">
                    <Platform Name="iOSSimulator">
                        <Operation>1</Operation>
                    </Platform>
                    <Platform Name="iOSDevice64">
                        <Operation>1</Operation>
                    </Platform>
                    <Platform Name="iOSDevice32">
                        <Operation>1</Operation>
                    </Platform>
                </DeployClass>
                <DeployClass Name="ProjectAndroidManifest">
                    <Platform Name="Android">
                        <Operation>1</Operation>
                    </Platform>
                </DeployClass>
                <DeployClass Name="Android_DefaultAppIcon">
                    <Platform Name="Android">
                        <RemoteDir>res\drawable</RemoteDir>
                        <Operation>1</Operation>
                    </Platform>
                </DeployClass>
                <DeployClass Name="File">
                    <Platform Name="Win32">
                        <Operation>0</Operation>
                    </Platform>
                    <Platform Name="iOSDevice64">
                        <Operation>0</Operation>
                    </Platform>
                    <Platform Name="OSX32">
                        <RemoteDir>Contents\Resources\StartUp\</RemoteDir>
                        <Operation>0</Operation>
                    </Platform>
                    <Platform Name="iOSDevice32">
                        <Operation>0</Operation>
                    </Platform>
                    <Platform Name="Android">
                        <Operation>0</Operation>
                    </Platform>
                    <Platform Name="iOSSimulator">
                        <Operation>0</Operation>
                    </Platform>
                </DeployClass>
                <DeployClass Name="AndroidServiceOutput">
                    <Platform Name="Android">
                        <RemoteDir>library\lib\armeabi-v7a</RemoteDir>
                        <Operation>1</Operation>
                    </Platform>
                </DeployClass>
                <DeployClass Required="true" Name="DependencyPackage">
                    <Platform Name="Win32">
                        <Operation>0</Operation>
                        <Extensions>.bpl</Extensions>
                    </Platform>
                    <Platform Name="iOSDevice64">
                        <Operation>1</Operation>
                        <Extensions>.dylib</Extensions>
                    </Platform>
                    <Platform Name="OSX32">
                        <RemoteDir>Contents\MacOS</RemoteDir>
                        <Operation>1</Operation>
                        <Extensions>.dylib</Extensions>
                    </Platform>
                    <Platform Name="iOSDevice32">
                        <Operation>1</Operation>
                        <Extensions>.dylib</Extensions>
                    </Platform>
                    <Platform Name="iOSSimulator">
                        <Operation>1</Operation>
                        <Extensions>.dylib</Extensions>
                    </Platform>
                </DeployClass>
                <DeployClass Name="Android_LauncherIcon48">
                    <Platform Name="Android">
                        <RemoteDir>res\drawable-mdpi</RemoteDir>
                        <Operation>1</Operation>
                    </Platform>
                </DeployClass>
                <DeployClass Name="Android_SplashImage960">
                    <Platform Name="Android">
                        <RemoteDir>res\drawable-xlarge</RemoteDir>
                        <Operation>1</Operation>
                    </Platform>
                </DeployClass>
                <DeployClass Name="Android_LauncherIcon36">
                    <Platform Name="Android">
                        <RemoteDir>res\drawable-ldpi</RemoteDir>
                        <Operation>1</Operation>
                    </Platform>
                </DeployClass>
                <DeployClass Name="ProjectiOSDeviceResourceRules">
                    <Platform Name="iOSDevice64">
                        <Operation>1</Operation>
                    </Platform>
                    <Platform Name="iOSDevice32">
                        <Operation>1</Operation>
                    </Platform>
                </DeployClass>
                <ProjectRoot Platform="iOSDevice64" Name="$(PROJECTNAME).app"/>
                <ProjectRoot Platform="Win64" Name="$(PROJECTNAME)"/>
                <ProjectRoot Platform="iOSDevice32" Name="$(PROJECTNAME).app"/>
                <ProjectRoot Platform="Win32" Name="$(PROJECTNAME)"/>
                <ProjectRoot Platform="OSX32" Name="$(PROJECTNAME).app"/>
                <ProjectRoot Platform="Android" Name="$(PROJECTNAME)"/>
                <ProjectRoot Platform="iOSSimulator" Name="$(PROJECTNAME).app"/>
            </Deployment>
            <ModelSupport>False</ModelSupport>
        </BorlandProject>
        <ProjectFileVersion>12</ProjectFileVersion>
    </ProjectExtensions>
    <Import Project="$(BDS)\Bin\CodeGear.Delphi.Targets" Condition="Exists('$(BDS)\Bin\CodeGear.Delphi.Targets')"/>
    <Import Project="$(APPDATA)\Embarcadero\$(BDSAPPDATABASEDIR)\$(PRODUCTVERSION)\UserTools.proj" Condition="Exists('$(APPDATA)\Embarcadero\$(BDSAPPDATABASEDIR)\$(PRODUCTVERSION)\UserTools.proj')"/>
    <Import Project="$(MSBuildProjectName).deployproj" Condition="Exists('$(MSBuildProjectName).deployproj')"/>
</Project>
